
Microsoft Visual Studio Solution File, Format Version 12.00
# Visual Studio Version 17
VisualStudioVersion = 17.14.36414.22 d17.14
MinimumVisualStudioVersion = 10.0.40219.1
Project("{FAE04EC0-301F-11D3-BF4B-00C04F79EFBC}") = "Crabby-TETI", "Crabby-TETI\Crabby-TETI.csproj", "{FFBE371C-9E13-406D-972B-683AF743F9E5}"
EndProject
Global
	GlobalSection(SolutionConfigurationPlatforms) = preSolution
		Debug|Any CPU = Debug|Any CPU
		Release|Any CPU = Release|Any CPU
	EndGlobalSection
	GlobalSection(ProjectConfigurationPlatforms) = postSolution
		{FFBE371C-9E13-406D-972B-683AF743F9E5}.Debug|Any CPU.ActiveCfg = Debug|Any CPU
		{FFBE371C-9E13-406D-972B-683AF743F9E5}.Debug|Any CPU.Build.0 = Debug|Any CPU
		{FFBE371C-9E13-406D-972B-683AF743F9E5}.Release|Any CPU.ActiveCfg = Release|Any CPU
		{FFBE371C-9E13-406D-972B-683AF743F9E5}.Release|Any CPU.Build.0 = Release|Any CPU
	EndGlobalSection
	GlobalSection(SolutionProperties) = preSolution
		HideSolutionNode = FALSE
	EndGlobalSection
	GlobalSection(ExtensibilityGlobals) = postSolution
		SolutionGuid = {77C2C1C5-00FF-410A-86FC-6E6008EA14F4}
	EndGlobalSection
EndGlobal
